
Microsoft Visual Studio Solution File, Format Version 12.00
# Visual Studio Version 17
VisualStudioVersion = 17.11.35219.272
MinimumVisualStudioVersion = 10.0.40219.1
Project("{9A19103F-16F7-4668-BE54-9A1E7A4F7556}") = "Auth.api", "Auth.api\Auth.api.csproj", "{013E45D1-66BC-4D5A-BDD3-CABF04773262}"
EndProject
Project("{9A19103F-16F7-4668-BE54-9A1E7A4F7556}") = "Auth.common", "Auth.common\Auth.common.csproj", "{29F8C43E-E284-48C6-BC15-DD8BBB634B09}"
EndProject
Project("{FAE04EC0-301F-11D3-BF4B-00C04F79EFBC}") = "Auth.infrastructure", "Auth.infrastructure\Auth.infrastructure.csproj", "{DAE50B13-E971-40E9-80C2-19A3BF08BE79}"
EndProject
Global
	GlobalSection(SolutionConfigurationPlatforms) = preSolution
		Debug|Any CPU = Debug|Any CPU
		Release|Any CPU = Release|Any CPU
	EndGlobalSection
	GlobalSection(ProjectConfigurationPlatforms) = postSolution
		{013E45D1-66BC-4D5A-BDD3-CABF04773262}.Debug|Any CPU.ActiveCfg = Debug|Any CPU
		{013E45D1-66BC-4D5A-BDD3-CABF04773262}.Debug|Any CPU.Build.0 = Debug|Any CPU
		{013E45D1-66BC-4D5A-BDD3-CABF04773262}.Release|Any CPU.ActiveCfg = Release|Any CPU
		{013E45D1-66BC-4D5A-BDD3-CABF04773262}.Release|Any CPU.Build.0 = Release|Any CPU
		{29F8C43E-E284-48C6-BC15-DD8BBB634B09}.Debug|Any CPU.ActiveCfg = Debug|Any CPU
		{29F8C43E-E284-48C6-BC15-DD8BBB634B09}.Debug|Any CPU.Build.0 = Debug|Any CPU
		{29F8C43E-E284-48C6-BC15-DD8BBB634B09}.Release|Any CPU.ActiveCfg = Release|Any CPU
		{29F8C43E-E284-48C6-BC15-DD8BBB634B09}.Release|Any CPU.Build.0 = Release|Any CPU
		{DAE50B13-E971-40E9-80C2-19A3BF08BE79}.Debug|Any CPU.ActiveCfg = Debug|Any CPU
		{DAE50B13-E971-40E9-80C2-19A3BF08BE79}.Debug|Any CPU.Build.0 = Debug|Any CPU
		{DAE50B13-E971-40E9-80C2-19A3BF08BE79}.Release|Any CPU.ActiveCfg = Release|Any CPU
		{DAE50B13-E971-40E9-80C2-19A3BF08BE79}.Release|Any CPU.Build.0 = Release|Any CPU
	EndGlobalSection
	GlobalSection(SolutionProperties) = preSolution
		HideSolutionNode = FALSE
	EndGlobalSection
	GlobalSection(ExtensibilityGlobals) = postSolution
		SolutionGuid = {12CC0A08-5AD1-4638-BB6D-C61B5BD70806}
	EndGlobalSection
EndGlobal
